
Microsoft Visual Studio Solution File, Format Version 11.00
# Visual Studio 2010
Project("{FAE04EC0-301F-11D3-BF4B-00C04F79EFBC}") = "Junkbots", "Assembly-CSharp.csproj", "{6A6EBEEA-1184-D8F7-E8EC-8B652A45EFFA}"
EndProject
Global
	GlobalSection(SolutionConfigurationPlatforms) = preSolution
		Debug|Any CPU = Debug|Any CPU
		Release|Any CPU = Release|Any CPU
	EndGlobalSection
	GlobalSection(ProjectConfigurationPlatforms) = postSolution
		{6A6EBEEA-1184-D8F7-E8EC-8B652A45EFFA}.Debug|Any CPU.ActiveCfg = Debug|Any CPU
		{6A6EBEEA-1184-D8F7-E8EC-8B652A45EFFA}.Debug|Any CPU.Build.0 = Debug|Any CPU
		{6A6EBEEA-1184-D8F7-E8EC-8B652A45EFFA}.Release|Any CPU.ActiveCfg = Release|Any CPU
		{6A6EBEEA-1184-D8F7-E8EC-8B652A45EFFA}.Release|Any CPU.Build.0 = Release|Any CPU
	EndGlobalSection
	GlobalSection(SolutionProperties) = preSolution
		HideSolutionNode = FALSE
	EndGlobalSection
	GlobalSection(MonoDevelopProperties) = preSolution
		StartupItem = Assembly-CSharp.csproj
	EndGlobalSection
EndGlobal
